{
  "version": 4,
  "terraform_version": "0.12.16",
  "serial": 17,
  "lineage": "d3ffa55f-7f89-e3ae-8e28-dfd74a50f773",
  "outputs": {
    "account_id": {
      "value": "580572941932",
      "type": "string"
    },
    "caller_arn": {
      "value": "arn:aws:sts::580572941932:assumed-role/ShellPowerUser/1574238602362436000",
      "type": "string"
    },
    "caller_user": {
      "value": "AROAYOLGYBZWJIZ5IUJ2U:1574238602362436000",
      "type": "string"
    }
  },
  "resources": [
    {
      "mode": "data",
      "type": "aws_caller_identity",
      "name": "current",
      "provider": "provider.aws",
      "instances": [
        {
          "schema_version": 0,
          "attributes": {
            "account_id": "580572941932",
            "arn": "arn:aws:sts::580572941932:assumed-role/ShellPowerUser/1574238602362436000",
            "id": "2019-11-20 08:30:10.068745 +0000 UTC",
            "user_id": "AROAYOLGYBZWJIZ5IUJ2U:1574238602362436000"
          }
        }
      ]
    },
    {
      "mode": "managed",
      "type": "aws_s3_bucket",
      "name": "terraform",
      "provider": "provider.aws",
      "instances": [
        {
          "schema_version": 0,
          "attributes": {
            "acceleration_status": "",
            "acl": "private",
            "arn": "arn:aws:s3:::terraform-yogendraks-aroayolgybzwjiz5iuj2u-1574238602362436000",
            "bucket": "terraform-yogendraks-aroayolgybzwjiz5iuj2u-1574238602362436000",
            "bucket_domain_name": "terraform-yogendraks-aroayolgybzwjiz5iuj2u-1574238602362436000.s3.amazonaws.com",
            "bucket_prefix": null,
            "bucket_regional_domain_name": "terraform-yogendraks-aroayolgybzwjiz5iuj2u-1574238602362436000.s3.ap-south-1.amazonaws.com",
            "cors_rule": [],
            "force_destroy": false,
            "hosted_zone_id": "Z11RGJOFQNVJUP",
            "id": "terraform-yogendraks-aroayolgybzwjiz5iuj2u-1574238602362436000",
            "lifecycle_rule": [],
            "logging": [],
            "object_lock_configuration": [],
            "policy": null,
            "region": "ap-south-1",
            "replication_configuration": [],
            "request_payer": "BucketOwner",
            "server_side_encryption_configuration": [],
            "tags": {
              "Environment": "Test",
              "Owner": "Yogendra KS",
              "Purpose": "Training"
            },
            "versioning": [
              {
                "enabled": false,
                "mfa_delete": false
              }
            ],
            "website": [],
            "website_domain": null,
            "website_endpoint": null
          },
          "private": "bnVsbA=="
        }
      ]
    }
  ]
}
