{
  "version": 4,
  "terraform_version": "0.12.7",
  "serial": 16,
  "lineage": "575c54cf-025f-dc75-67e7-7722c3e6417d",
  "outputs": {},
  "resources": [
    {
      "mode": "data",
      "type": "aws_caller_identity",
      "name": "current",
      "provider": "provider.aws",
      "instances": [
        {
          "schema_version": 0,
          "attributes": {
            "account_id": "580572941932",
            "arn": "arn:aws:sts::580572941932:assumed-role/ShellPowerUser/1574238597803351000",
            "id": "2019-11-20 08:30:05.254928 +0000 UTC",
            "user_id": "AROAYOLGYBZWJIZ5IUJ2U:1574238597803351000"
          }
        }
      ]
    },
    {
      "mode": "managed",
      "type": "aws_s3_bucket",
      "name": "terraform",
      "provider": "provider.aws",
      "instances": [
        {
          "schema_version": 0,
          "attributes": {
            "acceleration_status": "",
            "acl": "private",
            "arn": "arn:aws:s3:::terraform-sbatchu1-aroayolgybzwjiz5iuj2u-1574238597803351000",
            "bucket": "terraform-sbatchu1-aroayolgybzwjiz5iuj2u-1574238597803351000",
            "bucket_domain_name": "terraform-sbatchu1-aroayolgybzwjiz5iuj2u-1574238597803351000.s3.amazonaws.com",
            "bucket_prefix": null,
            "bucket_regional_domain_name": "terraform-sbatchu1-aroayolgybzwjiz5iuj2u-1574238597803351000.s3.ap-south-1.amazonaws.com",
            "cors_rule": [],
            "force_destroy": false,
            "hosted_zone_id": "Z11RGJOFQNVJUP",
            "id": "terraform-sbatchu1-aroayolgybzwjiz5iuj2u-1574238597803351000",
            "lifecycle_rule": [],
            "logging": [],
            "object_lock_configuration": [],
            "policy": null,
            "region": "ap-south-1",
            "replication_configuration": [],
            "request_payer": "BucketOwner",
            "server_side_encryption_configuration": [],
            "tags": {
              "Environment": "sdu-boot-camp",
              "Owner": "sbatchu1",
              "Purpose": "to store my state files"
            },
            "versioning": [
              {
                "enabled": false,
                "mfa_delete": false
              }
            ],
            "website": [],
            "website_domain": null,
            "website_endpoint": null
          },
          "private": "bnVsbA==",
          "depends_on": [
            "data.aws_caller_identity.current"
          ]
        }
      ]
    }
  ]
}
