{
  "version": 4,
  "terraform_version": "0.12.16",
  "serial": 29,
  "lineage": "1ba7de9a-91da-aa63-c17d-3acc397fab2a",
  "outputs": {
    "arn-buck": {
      "value": "arn:aws:s3:::utshahansen2604-us-terraform-usen2604",
      "type": "string"
    }
  },
  "resources": [
    {
      "mode": "data",
      "type": "aws_caller_identity",
      "name": "current",
      "provider": "provider.aws",
      "instances": [
        {
          "schema_version": 0,
          "attributes": {
            "account_id": "580572941932",
            "arn": "arn:aws:sts::580572941932:assumed-role/ShellPowerUser/1574241650516284000",
            "id": "2019-11-20 09:20:59.151321 +0000 UTC",
            "user_id": "AROAYOLGYBZWJIZ5IUJ2U:1574241650516284000"
          }
        }
      ]
    },
    {
      "mode": "managed",
      "type": "aws_s3_bucket",
      "name": "terraform",
      "provider": "provider.aws",
      "instances": [
        {
          "schema_version": 0,
          "attributes": {
            "acceleration_status": "",
            "acl": "private",
            "arn": "arn:aws:s3:::utshahansen2604-us-terraform-usen2604",
            "bucket": "utshahansen2604-us-terraform-usen2604",
            "bucket_domain_name": "utshahansen2604-us-terraform-usen2604.s3.amazonaws.com",
            "bucket_prefix": null,
            "bucket_regional_domain_name": "utshahansen2604-us-terraform-usen2604.s3.ap-south-1.amazonaws.com",
            "cors_rule": [],
            "force_destroy": false,
            "hosted_zone_id": "Z11RGJOFQNVJUP",
            "id": "utshahansen2604-us-terraform-usen2604",
            "lifecycle_rule": [],
            "logging": [],
            "object_lock_configuration": [],
            "policy": null,
            "region": "ap-south-1",
            "replication_configuration": [],
            "request_payer": "BucketOwner",
            "server_side_encryption_configuration": [],
            "tags": {
              "Environment": "Dev",
              "Owner": "Utshahan Sen",
              "Purpose": "For Dev Purposes"
            },
            "versioning": [
              {
                "enabled": false,
                "mfa_delete": false
              }
            ],
            "website": [],
            "website_domain": null,
            "website_endpoint": null
          },
          "private": "bnVsbA=="
        }
      ]
    }
  ]
}
