{
  "version": 4,
  "terraform_version": "0.12.7",
  "serial": 23,
  "lineage": "84e454b7-a845-e4e8-e5fb-d1601d4639b5",
  "outputs": {
    "arn": {
      "value": "arn:aws:s3:::upesabhiprefix-terraform",
      "type": "string"
    }
  },
  "resources": [
    {
      "mode": "data",
      "type": "aws_caller_identity",
      "name": "current",
      "provider": "provider.aws",
      "instances": [
        {
          "schema_version": 0,
          "attributes": {
            "account_id": "580572941932",
            "arn": "arn:aws:sts::580572941932:assumed-role/ShellPowerUser/1574242218097996000",
            "id": "2019-11-20 09:30:27.711373 +0000 UTC",
            "user_id": "AROAYOLGYBZWJIZ5IUJ2U:1574242218097996000"
          }
        }
      ]
    },
    {
      "mode": "managed",
      "type": "aws_s3_bucket",
      "name": "terraform",
      "provider": "provider.aws",
      "instances": [
        {
          "schema_version": 0,
          "attributes": {
            "acceleration_status": "",
            "acl": "private",
            "arn": "arn:aws:s3:::upesabhiprefix-terraform",
            "bucket": "upesabhiprefix-terraform",
            "bucket_domain_name": "upesabhiprefix-terraform.s3.amazonaws.com",
            "bucket_prefix": null,
            "bucket_regional_domain_name": "upesabhiprefix-terraform.s3.ap-south-1.amazonaws.com",
            "cors_rule": [],
            "force_destroy": false,
            "hosted_zone_id": "Z11RGJOFQNVJUP",
            "id": "upesabhiprefix-terraform",
            "lifecycle_rule": [],
            "logging": [],
            "object_lock_configuration": [],
            "policy": null,
            "region": "ap-south-1",
            "replication_configuration": [],
            "request_payer": "BucketOwner",
            "server_side_encryption_configuration": [],
            "tags": {
              "Environment": "Dev",
              "Owner": "upesabhi",
              "Purpose": "Training"
            },
            "versioning": [
              {
                "enabled": false,
                "mfa_delete": false
              }
            ],
            "website": [],
            "website_domain": null,
            "website_endpoint": null
          },
          "private": "bnVsbA=="
        }
      ]
    }
  ]
}
