{
  "version": 4,
  "terraform_version": "0.12.16",
  "serial": 5,
  "lineage": "6b1e2605-8c3b-c9de-5b8d-f7d794cd9cfa",
  "outputs": {
    "arn": {
      "value": "arn:aws:s3:::mybucket-terraform-yogendraks",
      "type": "string"
    }
  },
  "resources": [
    {
      "mode": "data",
      "type": "aws_caller_identity",
      "name": "current",
      "provider": "provider.aws",
      "instances": [
        {
          "schema_version": 0,
          "attributes": {
            "account_id": "580572941932",
            "arn": "arn:aws:sts::580572941932:assumed-role/ShellPowerUser/1574242125251828000",
            "id": "2019-11-20 09:28:53.393666 +0000 UTC",
            "user_id": "AROAYOLGYBZWJIZ5IUJ2U:1574242125251828000"
          }
        }
      ]
    },
    {
      "mode": "managed",
      "type": "aws_s3_bucket",
      "name": "terraform",
      "provider": "provider.aws",
      "instances": [
        {
          "schema_version": 0,
          "attributes": {
            "acceleration_status": "",
            "acl": "private",
            "arn": "arn:aws:s3:::mybucket-terraform-yogendraks",
            "bucket": "mybucket-terraform-yogendraks",
            "bucket_domain_name": "mybucket-terraform-yogendraks.s3.amazonaws.com",
            "bucket_prefix": null,
            "bucket_regional_domain_name": "mybucket-terraform-yogendraks.s3.ap-south-1.amazonaws.com",
            "cors_rule": [],
            "force_destroy": false,
            "hosted_zone_id": "Z11RGJOFQNVJUP",
            "id": "mybucket-terraform-yogendraks",
            "lifecycle_rule": [],
            "logging": [],
            "object_lock_configuration": [],
            "policy": null,
            "region": "ap-south-1",
            "replication_configuration": [],
            "request_payer": "BucketOwner",
            "server_side_encryption_configuration": [],
            "tags": {},
            "versioning": [
              {
                "enabled": false,
                "mfa_delete": false
              }
            ],
            "website": [],
            "website_domain": null,
            "website_endpoint": null
          },
          "private": "bnVsbA=="
        }
      ]
    }
  ]
}
